// !$*UTF8*$!
{
	archiveVersion = 1;
	classes = {
	};
	objectVersion = 56;
	objects = {

/* Begin PBXBuildFile section */
		7938EA23297F43310036B685 /* AppDelegate.swift in Sources */ = {isa = PBXBuildFile; fileRef = 7938EA22297F43310036B685 /* AppDelegate.swift */; };
		7938EA25297F43310036B685 /* SceneDelegate.swift in Sources */ = {isa = PBXBuildFile; fileRef = 7938EA24297F43310036B685 /* SceneDelegate.swift */; };
		7938EA27297F43310036B685 /* MainTabBarVC.swift in Sources */ = {isa = PBXBuildFile; fileRef = 7938EA26297F43310036B685 /* MainTabBarVC.swift */; };
		7938EA2C297F43320036B685 /* Assets.xcassets in Resources */ = {isa = PBXBuildFile; fileRef = 7938EA2B297F43320036B685 /* Assets.xcassets */; };
		7938EA2F297F43320036B685 /* LaunchScreen.storyboard in Resources */ = {isa = PBXBuildFile; fileRef = 7938EA2D297F43320036B685 /* LaunchScreen.storyboard */; };
		7938EA38297F46EB0036B685 /* HomeVC.swift in Sources */ = {isa = PBXBuildFile; fileRef = 7938EA37297F46EB0036B685 /* HomeVC.swift */; };
		7938EA3A297F47230036B685 /* UpcomingVC.swift in Sources */ = {isa = PBXBuildFile; fileRef = 7938EA39297F47230036B685 /* UpcomingVC.swift */; };
		7938EA3C297F47480036B685 /* SearchVC.swift in Sources */ = {isa = PBXBuildFile; fileRef = 7938EA3B297F47480036B685 /* SearchVC.swift */; };
		7938EA3E297F47690036B685 /* DownloadsVC.swift in Sources */ = {isa = PBXBuildFile; fileRef = 7938EA3D297F47690036B685 /* DownloadsVC.swift */; };
		7938EA472980778D0036B685 /* CollectionViewTableViewCell.swift in Sources */ = {isa = PBXBuildFile; fileRef = 7938EA462980778D0036B685 /* CollectionViewTableViewCell.swift */; };
		7938EA49298081870036B685 /* HeroHeaderUIView.swift in Sources */ = {isa = PBXBuildFile; fileRef = 7938EA48298081870036B685 /* HeroHeaderUIView.swift */; };
		7938EA4B298184AD0036B685 /* APICaller.swift in Sources */ = {isa = PBXBuildFile; fileRef = 7938EA4A298184AD0036B685 /* APICaller.swift */; };
		7938EA4D29826F270036B685 /* Movie.swift in Sources */ = {isa = PBXBuildFile; fileRef = 7938EA4C29826F270036B685 /* Movie.swift */; };
		7938EA4F2982A8090036B685 /* Extensions.swift in Sources */ = {isa = PBXBuildFile; fileRef = 7938EA4E2982A8090036B685 /* Extensions.swift */; };
/* End PBXBuildFile section */

/* Begin PBXFileReference section */
		7938EA1F297F43310036B685 /* Netflix-Clone-2.0.app */ = {isa = PBXFileReference; explicitFileType = wrapper.application; includeInIndex = 0; path = "Netflix-Clone-2.0.app"; sourceTree = BUILT_PRODUCTS_DIR; };
		7938EA22297F43310036B685 /* AppDelegate.swift */ = {isa = PBXFileReference; lastKnownFileType = sourcecode.swift; path = AppDelegate.swift; sourceTree = "<group>"; };
		7938EA24297F43310036B685 /* SceneDelegate.swift */ = {isa = PBXFileReference; lastKnownFileType = sourcecode.swift; path = SceneDelegate.swift; sourceTree = "<group>"; };
		7938EA26297F43310036B685 /* MainTabBarVC.swift */ = {isa = PBXFileReference; lastKnownFileType = sourcecode.swift; path = MainTabBarVC.swift; sourceTree = "<group>"; };
		7938EA2B297F43320036B685 /* Assets.xcassets */ = {isa = PBXFileReference; lastKnownFileType = folder.assetcatalog; path = Assets.xcassets; sourceTree = "<group>"; };
		7938EA2E297F43320036B685 /* Base */ = {isa = PBXFileReference; lastKnownFileType = file.storyboard; name = Base; path = Base.lproj/LaunchScreen.storyboard; sourceTree = "<group>"; };
		7938EA30297F43320036B685 /* Info.plist */ = {isa = PBXFileReference; lastKnownFileType = text.plist.xml; path = Info.plist; sourceTree = "<group>"; };
		7938EA37297F46EB0036B685 /* HomeVC.swift */ = {isa = PBXFileReference; lastKnownFileType = sourcecode.swift; path = HomeVC.swift; sourceTree = "<group>"; };
		7938EA39297F47230036B685 /* UpcomingVC.swift */ = {isa = PBXFileReference; lastKnownFileType = sourcecode.swift; path = UpcomingVC.swift; sourceTree = "<group>"; };
		7938EA3B297F47480036B685 /* SearchVC.swift */ = {isa = PBXFileReference; lastKnownFileType = sourcecode.swift; path = SearchVC.swift; sourceTree = "<group>"; };
		7938EA3D297F47690036B685 /* DownloadsVC.swift */ = {isa = PBXFileReference; lastKnownFileType = sourcecode.swift; path = DownloadsVC.swift; sourceTree = "<group>"; };
		7938EA462980778D0036B685 /* CollectionViewTableViewCell.swift */ = {isa = PBXFileReference; lastKnownFileType = sourcecode.swift; path = CollectionViewTableViewCell.swift; sourceTree = "<group>"; };
		7938EA48298081870036B685 /* HeroHeaderUIView.swift */ = {isa = PBXFileReference; lastKnownFileType = sourcecode.swift; path = HeroHeaderUIView.swift; sourceTree = "<group>"; };
		7938EA4A298184AD0036B685 /* APICaller.swift */ = {isa = PBXFileReference; lastKnownFileType = sourcecode.swift; path = APICaller.swift; sourceTree = "<group>"; };
		7938EA4C29826F270036B685 /* Movie.swift */ = {isa = PBXFileReference; lastKnownFileType = sourcecode.swift; path = Movie.swift; sourceTree = "<group>"; };
		7938EA4E2982A8090036B685 /* Extensions.swift */ = {isa = PBXFileReference; lastKnownFileType = sourcecode.swift; path = Extensions.swift; sourceTree = "<group>"; };
/* End PBXFileReference section */

/* Begin PBXFrameworksBuildPhase section */
		7938EA1C297F43310036B685 /* Frameworks */ = {
			isa = PBXFrameworksBuildPhase;
			buildActionMask = 2147483647;
			files = (
			);
			runOnlyForDeploymentPostprocessing = 0;
		};
/* End PBXFrameworksBuildPhase section */

/* Begin PBXGroup section */
		7938EA16297F43310036B685 = {
			isa = PBXGroup;
			children = (
				7938EA21297F43310036B685 /* Netflix-Clone-2.0 */,
				7938EA20297F43310036B685 /* Products */,
			);
			sourceTree = "<group>";
		};
		7938EA20297F43310036B685 /* Products */ = {
			isa = PBXGroup;
			children = (
				7938EA1F297F43310036B685 /* Netflix-Clone-2.0.app */,
			);
			name = Products;
			sourceTree = "<group>";
		};
		7938EA21297F43310036B685 /* Netflix-Clone-2.0 */ = {
			isa = PBXGroup;
			children = (
				7938EA4329800B620036B685 /* Managers */,
				7938EA4229800B500036B685 /* Resources */,
				7938EA4129800B090036B685 /* Models */,
				7938EA3F29800AD30036B685 /* Views */,
				7938EA4029800AE00036B685 /* ViewModels */,
				7938EA36297F46A80036B685 /* Controllers */,
				7938EA22297F43310036B685 /* AppDelegate.swift */,
				7938EA24297F43310036B685 /* SceneDelegate.swift */,
				7938EA26297F43310036B685 /* MainTabBarVC.swift */,
				7938EA2B297F43320036B685 /* Assets.xcassets */,
				7938EA2D297F43320036B685 /* LaunchScreen.storyboard */,
				7938EA30297F43320036B685 /* Info.plist */,
			);
			path = "Netflix-Clone-2.0";
			sourceTree = "<group>";
		};
		7938EA36297F46A80036B685 /* Controllers */ = {
			isa = PBXGroup;
			children = (
				7938EA37297F46EB0036B685 /* HomeVC.swift */,
				7938EA39297F47230036B685 /* UpcomingVC.swift */,
				7938EA3B297F47480036B685 /* SearchVC.swift */,
				7938EA3D297F47690036B685 /* DownloadsVC.swift */,
			);
			path = Controllers;
			sourceTree = "<group>";
		};
		7938EA3F29800AD30036B685 /* Views */ = {
			isa = PBXGroup;
			children = (
				7938EA462980778D0036B685 /* CollectionViewTableViewCell.swift */,
				7938EA48298081870036B685 /* HeroHeaderUIView.swift */,
			);
			path = Views;
			sourceTree = "<group>";
		};
		7938EA4029800AE00036B685 /* ViewModels */ = {
			isa = PBXGroup;
			children = (
			);
			path = ViewModels;
			sourceTree = "<group>";
		};
		7938EA4129800B090036B685 /* Models */ = {
			isa = PBXGroup;
			children = (
				7938EA4C29826F270036B685 /* Movie.swift */,
			);
			path = Models;
			sourceTree = "<group>";
		};
		7938EA4229800B500036B685 /* Resources */ = {
			isa = PBXGroup;
			children = (
				7938EA4E2982A8090036B685 /* Extensions.swift */,
			);
			path = Resources;
			sourceTree = "<group>";
		};
		7938EA4329800B620036B685 /* Managers */ = {
			isa = PBXGroup;
			children = (
				7938EA4A298184AD0036B685 /* APICaller.swift */,
			);
			path = Managers;
			sourceTree = "<group>";
		};
/* End PBXGroup section */

/* Begin PBXNativeTarget section */
		7938EA1E297F43310036B685 /* Netflix-Clone-2.0 */ = {
			isa = PBXNativeTarget;
			buildConfigurationList = 7938EA33297F43320036B685 /* Build configuration list for PBXNativeTarget "Netflix-Clone-2.0" */;
			buildPhases = (
				7938EA1B297F43310036B685 /* Sources */,
				7938EA1C297F43310036B685 /* Frameworks */,
				7938EA1D297F43310036B685 /* Resources */,
			);
			buildRules = (
			);
			dependencies = (
			);
			name = "Netflix-Clone-2.0";
			productName = "Netflix-Clone-2.0";
			productReference = 7938EA1F297F43310036B685 /* Netflix-Clone-2.0.app */;
			productType = "com.apple.product-type.application";
		};
/* End PBXNativeTarget section */

/* Begin PBXProject section */
		7938EA17297F43310036B685 /* Project object */ = {
			isa = PBXProject;
			attributes = {
				BuildIndependentTargetsInParallel = 1;
				LastSwiftUpdateCheck = 1420;
				LastUpgradeCheck = 1420;
				TargetAttributes = {
					7938EA1E297F43310036B685 = {
						CreatedOnToolsVersion = 14.2;
					};
				};
			};
			buildConfigurationList = 7938EA1A297F43310036B685 /* Build configuration list for PBXProject "Netflix-Clone-2.0" */;
			compatibilityVersion = "Xcode 14.0";
			developmentRegion = en;
			hasScannedForEncodings = 0;
			knownRegions = (
				en,
				Base,
			);
			mainGroup = 7938EA16297F43310036B685;
			productRefGroup = 7938EA20297F43310036B685 /* Products */;
			projectDirPath = "";
			projectRoot = "";
			targets = (
				7938EA1E297F43310036B685 /* Netflix-Clone-2.0 */,
			);
		};
/* End PBXProject section */

/* Begin PBXResourcesBuildPhase section */
		7938EA1D297F43310036B685 /* Resources */ = {
			isa = PBXResourcesBuildPhase;
			buildActionMask = 2147483647;
			files = (
				7938EA2F297F43320036B685 /* LaunchScreen.storyboard in Resources */,
				7938EA2C297F43320036B685 /* Assets.xcassets in Resources */,
			);
			runOnlyForDeploymentPostprocessing = 0;
		};
/* End PBXResourcesBuildPhase section */

/* Begin PBXSourcesBuildPhase section */
		7938EA1B297F43310036B685 /* Sources */ = {
			isa = PBXSourcesBuildPhase;
			buildActionMask = 2147483647;
			files = (
				7938EA3C297F47480036B685 /* SearchVC.swift in Sources */,
				7938EA27297F43310036B685 /* MainTabBarVC.swift in Sources */,
				7938EA472980778D0036B685 /* CollectionViewTableViewCell.swift in Sources */,
				7938EA4B298184AD0036B685 /* APICaller.swift in Sources */,
				7938EA49298081870036B685 /* HeroHeaderUIView.swift in Sources */,
				7938EA38297F46EB0036B685 /* HomeVC.swift in Sources */,
				7938EA23297F43310036B685 /* AppDelegate.swift in Sources */,
				7938EA4F2982A8090036B685 /* Extensions.swift in Sources */,
				7938EA3E297F47690036B685 /* DownloadsVC.swift in Sources */,
				7938EA3A297F47230036B685 /* UpcomingVC.swift in Sources */,
				7938EA4D29826F270036B685 /* Movie.swift in Sources */,
				7938EA25297F43310036B685 /* SceneDelegate.swift in Sources */,
			);
			runOnlyForDeploymentPostprocessing = 0;
		};
/* End PBXSourcesBuildPhase section */

/* Begin PBXVariantGroup section */
		7938EA2D297F43320036B685 /* LaunchScreen.storyboard */ = {
			isa = PBXVariantGroup;
			children = (
				7938EA2E297F43320036B685 /* Base */,
			);
			name = LaunchScreen.storyboard;
			sourceTree = "<group>";
		};
/* End PBXVariantGroup section */

/* Begin XCBuildConfiguration section */
		7938EA31297F43320036B685 /* Debug */ = {
			isa = XCBuildConfiguration;
			buildSettings = {
				ALWAYS_SEARCH_USER_PATHS = NO;
				CLANG_ANALYZER_NONNULL = YES;
				CLANG_ANALYZER_NUMBER_OBJECT_CONVERSION = YES_AGGRESSIVE;
				CLANG_CXX_LANGUAGE_STANDARD = "gnu++20";
				CLANG_ENABLE_MODULES = YES;
				CLANG_ENABLE_OBJC_ARC = YES;
				CLANG_ENABLE_OBJC_WEAK = YES;
				CLANG_WARN_BLOCK_CAPTURE_AUTORELEASING = YES;
				CLANG_WARN_BOOL_CONVERSION = YES;
				CLANG_WARN_COMMA = YES;
				CLANG_WARN_CONSTANT_CONVERSION = YES;
				CLANG_WARN_DEPRECATED_OBJC_IMPLEMENTATIONS = YES;
				CLANG_WARN_DIRECT_OBJC_ISA_USAGE = YES_ERROR;
				CLANG_WARN_DOCUMENTATION_COMMENTS = YES;
				CLANG_WARN_EMPTY_BODY = YES;
				CLANG_WARN_ENUM_CONVERSION = YES;
				CLANG_WARN_INFINITE_RECURSION = YES;
				CLANG_WARN_INT_CONVERSION = YES;
				CLANG_WARN_NON_LITERAL_NULL_CONVERSION = YES;
				CLANG_WARN_OBJC_IMPLICIT_RETAIN_SELF = YES;
				CLANG_WARN_OBJC_LITERAL_CONVERSION = YES;
				CLANG_WARN_OBJC_ROOT_CLASS = YES_ERROR;
				CLANG_WARN_QUOTED_INCLUDE_IN_FRAMEWORK_HEADER = YES;
				CLANG_WARN_RANGE_LOOP_ANALYSIS = YES;
				CLANG_WARN_STRICT_PROTOTYPES = YES;
				CLANG_WARN_SUSPICIOUS_MOVE = YES;
				CLANG_WARN_UNGUARDED_AVAILABILITY = YES_AGGRESSIVE;
				CLANG_WARN_UNREACHABLE_CODE = YES;
				CLANG_WARN__DUPLICATE_METHOD_MATCH = YES;
				COPY_PHASE_STRIP = NO;
				DEBUG_INFORMATION_FORMAT = dwarf;
				ENABLE_STRICT_OBJC_MSGSEND = YES;
				ENABLE_TESTABILITY = YES;
				GCC_C_LANGUAGE_STANDARD = gnu11;
				GCC_DYNAMIC_NO_PIC = NO;
				GCC_NO_COMMON_BLOCKS = YES;
				GCC_OPTIMIZATION_LEVEL = 0;
				GCC_PREPROCESSOR_DEFINITIONS = (
					"DEBUG=1",
					"$(inherited)",
				);
				GCC_WARN_64_TO_32_BIT_CONVERSION = YES;
				GCC_WARN_ABOUT_RETURN_TYPE = YES_ERROR;
				GCC_WARN_UNDECLARED_SELECTOR = YES;
				GCC_WARN_UNINITIALIZED_AUTOS = YES_AGGRESSIVE;
				GCC_WARN_UNUSED_FUNCTION = YES;
				GCC_WARN_UNUSED_VARIABLE = YES;
				IPHONEOS_DEPLOYMENT_TARGET = 16.2;
				MTL_ENABLE_DEBUG_INFO = INCLUDE_SOURCE;
				MTL_FAST_MATH = YES;
				ONLY_ACTIVE_ARCH = YES;
				SDKROOT = iphoneos;
				SWIFT_ACTIVE_COMPILATION_CONDITIONS = DEBUG;
				SWIFT_OPTIMIZATION_LEVEL = "-Onone";
			};
			name = Debug;
		};
		7938EA32297F43320036B685 /* Release */ = {
			isa = XCBuildConfiguration;
			buildSettings = {
				ALWAYS_SEARCH_USER_PATHS = NO;
				CLANG_ANALYZER_NONNULL = YES;
				CLANG_ANALYZER_NUMBER_OBJECT_CONVERSION = YES_AGGRESSIVE;
				CLANG_CXX_LANGUAGE_STANDARD = "gnu++20";
				CLANG_ENABLE_MODULES = YES;
				CLANG_ENABLE_OBJC_ARC = YES;
				CLANG_ENABLE_OBJC_WEAK = YES;
				CLANG_WARN_BLOCK_CAPTURE_AUTORELEASING = YES;
				CLANG_WARN_BOOL_CONVERSION = YES;
				CLANG_WARN_COMMA = YES;
				CLANG_WARN_CONSTANT_CONVERSION = YES;
				CLANG_WARN_DEPRECATED_OBJC_IMPLEMENTATIONS = YES;
				CLANG_WARN_DIRECT_OBJC_ISA_USAGE = YES_ERROR;
				CLANG_WARN_DOCUMENTATION_COMMENTS = YES;
				CLANG_WARN_EMPTY_BODY = YES;
				CLANG_WARN_ENUM_CONVERSION = YES;
				CLANG_WARN_INFINITE_RECURSION = YES;
				CLANG_WARN_INT_CONVERSION = YES;
				CLANG_WARN_NON_LITERAL_NULL_CONVERSION = YES;
				CLANG_WARN_OBJC_IMPLICIT_RETAIN_SELF = YES;
				CLANG_WARN_OBJC_LITERAL_CONVERSION = YES;
				CLANG_WARN_OBJC_ROOT_CLASS = YES_ERROR;
				CLANG_WARN_QUOTED_INCLUDE_IN_FRAMEWORK_HEADER = YES;
				CLANG_WARN_RANGE_LOOP_ANALYSIS = YES;
				CLANG_WARN_STRICT_PROTOTYPES = YES;
				CLANG_WARN_SUSPICIOUS_MOVE = YES;
				CLANG_WARN_UNGUARDED_AVAILABILITY = YES_AGGRESSIVE;
				CLANG_WARN_UNREACHABLE_CODE = YES;
				CLANG_WARN__DUPLICATE_METHOD_MATCH = YES;
				COPY_PHASE_STRIP = NO;
				DEBUG_INFORMATION_FORMAT = "dwarf-with-dsym";
				ENABLE_NS_ASSERTIONS = NO;
				ENABLE_STRICT_OBJC_MSGSEND = YES;
				GCC_C_LANGUAGE_STANDARD = gnu11;
				GCC_NO_COMMON_BLOCKS = YES;
				GCC_WARN_64_TO_32_BIT_CONVERSION = YES;
				GCC_WARN_ABOUT_RETURN_TYPE = YES_ERROR;
				GCC_WARN_UNDECLARED_SELECTOR = YES;
				GCC_WARN_UNINITIALIZED_AUTOS = YES_AGGRESSIVE;
				GCC_WARN_UNUSED_FUNCTION = YES;
				GCC_WARN_UNUSED_VARIABLE = YES;
				IPHONEOS_DEPLOYMENT_TARGET = 16.2;
				MTL_ENABLE_DEBUG_INFO = NO;
				MTL_FAST_MATH = YES;
				SDKROOT = iphoneos;
				SWIFT_COMPILATION_MODE = wholemodule;
				SWIFT_OPTIMIZATION_LEVEL = "-O";
				VALIDATE_PRODUCT = YES;
			};
			name = Release;
		};
		7938EA34297F43320036B685 /* Debug */ = {
			isa = XCBuildConfiguration;
			buildSettings = {
				ASSETCATALOG_COMPILER_APPICON_NAME = AppIcon;
				ASSETCATALOG_COMPILER_GLOBAL_ACCENT_COLOR_NAME = AccentColor;
				CODE_SIGN_STYLE = Automatic;
				CURRENT_PROJECT_VERSION = 1;
				DEVELOPMENT_TEAM = CSL3Q94GS9;
				GENERATE_INFOPLIST_FILE = YES;
				INFOPLIST_FILE = "Netflix-Clone-2.0/Info.plist";
				INFOPLIST_KEY_UIApplicationSupportsIndirectInputEvents = YES;
				INFOPLIST_KEY_UILaunchStoryboardName = LaunchScreen;
				INFOPLIST_KEY_UISupportedInterfaceOrientations_iPad = "UIInterfaceOrientationPortrait UIInterfaceOrientationPortraitUpsideDown UIInterfaceOrientationLandscapeLeft UIInterfaceOrientationLandscapeRight";
				INFOPLIST_KEY_UISupportedInterfaceOrientations_iPhone = "UIInterfaceOrientationPortrait UIInterfaceOrientationLandscapeLeft UIInterfaceOrientationLandscapeRight";
				LD_RUNPATH_SEARCH_PATHS = (
					"$(inherited)",
					"@executable_path/Frameworks",
				);
				MARKETING_VERSION = 1.0;
				PRODUCT_BUNDLE_IDENTIFIER = "co.benakidis.Netflix-Clone-2-0";
				PRODUCT_NAME = "$(TARGET_NAME)";
				SWIFT_EMIT_LOC_STRINGS = YES;
				SWIFT_VERSION = 5.0;
				TARGETED_DEVICE_FAMILY = "1,2";
			};
			name = Debug;
		};
		7938EA35297F43320036B685 /* Release */ = {
			isa = XCBuildConfiguration;
			buildSettings = {
				ASSETCATALOG_COMPILER_APPICON_NAME = AppIcon;
				ASSETCATALOG_COMPILER_GLOBAL_ACCENT_COLOR_NAME = AccentColor;
				CODE_SIGN_STYLE = Automatic;
				CURRENT_PROJECT_VERSION = 1;
				DEVELOPMENT_TEAM = CSL3Q94GS9;
				GENERATE_INFOPLIST_FILE = YES;
				INFOPLIST_FILE = "Netflix-Clone-2.0/Info.plist";
				INFOPLIST_KEY_UIApplicationSupportsIndirectInputEvents = YES;
				INFOPLIST_KEY_UILaunchStoryboardName = LaunchScreen;
				INFOPLIST_KEY_UISupportedInterfaceOrientations_iPad = "UIInterfaceOrientationPortrait UIInterfaceOrientationPortraitUpsideDown UIInterfaceOrientationLandscapeLeft UIInterfaceOrientationLandscapeRight";
				INFOPLIST_KEY_UISupportedInterfaceOrientations_iPhone = "UIInterfaceOrientationPortrait UIInterfaceOrientationLandscapeLeft UIInterfaceOrientationLandscapeRight";
				LD_RUNPATH_SEARCH_PATHS = (
					"$(inherited)",
					"@executable_path/Frameworks",
				);
				MARKETING_VERSION = 1.0;
				PRODUCT_BUNDLE_IDENTIFIER = "co.benakidis.Netflix-Clone-2-0";
				PRODUCT_NAME = "$(TARGET_NAME)";
				SWIFT_EMIT_LOC_STRINGS = YES;
				SWIFT_VERSION = 5.0;
				TARGETED_DEVICE_FAMILY = "1,2";
			};
			name = Release;
		};
/* End XCBuildConfiguration section */

/* Begin XCConfigurationList section */
		7938EA1A297F43310036B685 /* Build configuration list for PBXProject "Netflix-Clone-2.0" */ = {
			isa = XCConfigurationList;
			buildConfigurations = (
				7938EA31297F43320036B685 /* Debug */,
				7938EA32297F43320036B685 /* Release */,
			);
			defaultConfigurationIsVisible = 0;
			defaultConfigurationName = Release;
		};
		7938EA33297F43320036B685 /* Build configuration list for PBXNativeTarget "Netflix-Clone-2.0" */ = {
			isa = XCConfigurationList;
			buildConfigurations = (
				7938EA34297F43320036B685 /* Debug */,
				7938EA35297F43320036B685 /* Release */,
			);
			defaultConfigurationIsVisible = 0;
			defaultConfigurationName = Release;
		};
/* End XCConfigurationList section */
	};
	rootObject = 7938EA17297F43310036B685 /* Project object */;
}
